
Microsoft Visual Studio Solution File, Format Version 12.00
# Visual Studio Version 17
VisualStudioVersion = 17.12.35514.174
MinimumVisualStudioVersion = 10.0.40219.1
Project("{9A19103F-16F7-4668-BE54-9A1E7A4F7556}") = "ScanServices", "ScanServices\ScanServices.csproj", "{A3E9BA54-5DE6-4E4C-9D03-06CEB8C82F1B}"
EndProject
Project("{9A19103F-16F7-4668-BE54-9A1E7A4F7556}") = "ScanBackend", "ScanBackend\ScanBackend.csproj", "{EF9AB6A9-EF2D-469D-B960-5C3D07A6F0D9}"
	ProjectSection(ProjectDependencies) = postProject
		{A3E9BA54-5DE6-4E4C-9D03-06CEB8C82F1B} = {A3E9BA54-5DE6-4E4C-9D03-06CEB8C82F1B}
	EndProjectSection
EndProject
Project("{9A19103F-16F7-4668-BE54-9A1E7A4F7556}") = "ScanApp", "ScanApp\ScanApp.csproj", "{A3844F99-5053-40FC-802C-C855E4AA139D}"
	ProjectSection(ProjectDependencies) = postProject
		{A3E9BA54-5DE6-4E4C-9D03-06CEB8C82F1B} = {A3E9BA54-5DE6-4E4C-9D03-06CEB8C82F1B}
	EndProjectSection
EndProject
Project("{9A19103F-16F7-4668-BE54-9A1E7A4F7556}") = "ScanDesktop", "ScanDesktop\ScanDesktop.csproj", "{357CDFB9-0E6B-4D98-A7E3-76DA0EA57970}"
EndProject
Global
	GlobalSection(SolutionConfigurationPlatforms) = preSolution
		Debug|Any CPU = Debug|Any CPU
		Release|Any CPU = Release|Any CPU
	EndGlobalSection
	GlobalSection(ProjectConfigurationPlatforms) = postSolution
		{A3E9BA54-5DE6-4E4C-9D03-06CEB8C82F1B}.Debug|Any CPU.ActiveCfg = Debug|Any CPU
		{A3E9BA54-5DE6-4E4C-9D03-06CEB8C82F1B}.Debug|Any CPU.Build.0 = Debug|Any CPU
		{A3E9BA54-5DE6-4E4C-9D03-06CEB8C82F1B}.Release|Any CPU.ActiveCfg = Release|Any CPU
		{A3E9BA54-5DE6-4E4C-9D03-06CEB8C82F1B}.Release|Any CPU.Build.0 = Release|Any CPU
		{EF9AB6A9-EF2D-469D-B960-5C3D07A6F0D9}.Debug|Any CPU.ActiveCfg = Debug|Any CPU
		{EF9AB6A9-EF2D-469D-B960-5C3D07A6F0D9}.Debug|Any CPU.Build.0 = Debug|Any CPU
		{EF9AB6A9-EF2D-469D-B960-5C3D07A6F0D9}.Release|Any CPU.ActiveCfg = Release|Any CPU
		{EF9AB6A9-EF2D-469D-B960-5C3D07A6F0D9}.Release|Any CPU.Build.0 = Release|Any CPU
		{A3844F99-5053-40FC-802C-C855E4AA139D}.Debug|Any CPU.ActiveCfg = Debug|Any CPU
		{A3844F99-5053-40FC-802C-C855E4AA139D}.Debug|Any CPU.Build.0 = Debug|Any CPU
		{A3844F99-5053-40FC-802C-C855E4AA139D}.Debug|Any CPU.Deploy.0 = Debug|Any CPU
		{A3844F99-5053-40FC-802C-C855E4AA139D}.Release|Any CPU.ActiveCfg = Release|Any CPU
		{A3844F99-5053-40FC-802C-C855E4AA139D}.Release|Any CPU.Build.0 = Release|Any CPU
		{A3844F99-5053-40FC-802C-C855E4AA139D}.Release|Any CPU.Deploy.0 = Release|Any CPU
		{357CDFB9-0E6B-4D98-A7E3-76DA0EA57970}.Debug|Any CPU.ActiveCfg = Debug|Any CPU
		{357CDFB9-0E6B-4D98-A7E3-76DA0EA57970}.Debug|Any CPU.Build.0 = Debug|Any CPU
		{357CDFB9-0E6B-4D98-A7E3-76DA0EA57970}.Release|Any CPU.ActiveCfg = Release|Any CPU
		{357CDFB9-0E6B-4D98-A7E3-76DA0EA57970}.Release|Any CPU.Build.0 = Release|Any CPU
	EndGlobalSection
	GlobalSection(SolutionProperties) = preSolution
		HideSolutionNode = FALSE
	EndGlobalSection
	GlobalSection(ExtensibilityGlobals) = postSolution
		SolutionGuid = {895F34A6-31F8-446A-A7D6-27A7D495F677}
	EndGlobalSection
EndGlobal
